// !$*UTF8*$!
{
	archiveVersion = 1;
	classes = {
	};
	objectVersion = 50;
	objects = {

/* Begin PBXBuildFile section */
		C739E2C2267073BC009FEF0E /* SetApp.swift in Sources */ = {isa = PBXBuildFile; fileRef = C739E2C1267073BC009FEF0E /* SetApp.swift */; };
		C739E2C4267073BC009FEF0E /* ContentView.swift in Sources */ = {isa = PBXBuildFile; fileRef = C739E2C3267073BC009FEF0E /* ContentView.swift */; };
		C739E2C6267073C1009FEF0E /* Assets.xcassets in Resources */ = {isa = PBXBuildFile; fileRef = C739E2C5267073C1009FEF0E /* Assets.xcassets */; };
		C739E2C9267073C1009FEF0E /* Preview Assets.xcassets in Resources */ = {isa = PBXBuildFile; fileRef = C739E2C8267073C1009FEF0E /* Preview Assets.xcassets */; };
		C739E2D22670751A009FEF0E /* SetGame.swift in Sources */ = {isa = PBXBuildFile; fileRef = C739E2D12670751A009FEF0E /* SetGame.swift */; };
		C739E2D526707827009FEF0E /* CardShape.swift in Sources */ = {isa = PBXBuildFile; fileRef = C739E2D426707827009FEF0E /* CardShape.swift */; };
		C739E2D72670783D009FEF0E /* CardColor.swift in Sources */ = {isa = PBXBuildFile; fileRef = C739E2D62670783D009FEF0E /* CardColor.swift */; };
		C739E2D92670785C009FEF0E /* CardNumber.swift in Sources */ = {isa = PBXBuildFile; fileRef = C739E2D82670785C009FEF0E /* CardNumber.swift */; };
		C739E2DB2670786E009FEF0E /* CardShading.swift in Sources */ = {isa = PBXBuildFile; fileRef = C739E2DA2670786E009FEF0E /* CardShading.swift */; };
		C739E2DE26708393009FEF0E /* CardView.swift in Sources */ = {isa = PBXBuildFile; fileRef = C739E2DD26708393009FEF0E /* CardView.swift */; };
		C739E2E126732076009FEF0E /* Diamond.swift in Sources */ = {isa = PBXBuildFile; fileRef = C739E2E026732076009FEF0E /* Diamond.swift */; };
		C739E2E3267463CF009FEF0E /* ShapeView.swift in Sources */ = {isa = PBXBuildFile; fileRef = C739E2E2267463CF009FEF0E /* ShapeView.swift */; };
		C739E2E72675A478009FEF0E /* ShapeBuilderView.swift in Sources */ = {isa = PBXBuildFile; fileRef = C739E2E62675A478009FEF0E /* ShapeBuilderView.swift */; };
		C739E2EA2675A813009FEF0E /* CardShadingModifier.swift in Sources */ = {isa = PBXBuildFile; fileRef = C739E2E92675A813009FEF0E /* CardShadingModifier.swift */; };
		C739E2EC2675B3C6009FEF0E /* BackCardView.swift in Sources */ = {isa = PBXBuildFile; fileRef = C739E2EB2675B3C6009FEF0E /* BackCardView.swift */; };
		C739E2EE2675B5B8009FEF0E /* FrontCardView.swift in Sources */ = {isa = PBXBuildFile; fileRef = C739E2ED2675B5B8009FEF0E /* FrontCardView.swift */; };
/* End PBXBuildFile section */

/* Begin PBXFileReference section */
		C739E2BE267073BC009FEF0E /* Set.app */ = {isa = PBXFileReference; explicitFileType = wrapper.application; includeInIndex = 0; path = Set.app; sourceTree = BUILT_PRODUCTS_DIR; };
		C739E2C1267073BC009FEF0E /* SetApp.swift */ = {isa = PBXFileReference; lastKnownFileType = sourcecode.swift; path = SetApp.swift; sourceTree = "<group>"; };
		C739E2C3267073BC009FEF0E /* ContentView.swift */ = {isa = PBXFileReference; lastKnownFileType = sourcecode.swift; path = ContentView.swift; sourceTree = "<group>"; };
		C739E2C5267073C1009FEF0E /* Assets.xcassets */ = {isa = PBXFileReference; lastKnownFileType = folder.assetcatalog; path = Assets.xcassets; sourceTree = "<group>"; };
		C739E2C8267073C1009FEF0E /* Preview Assets.xcassets */ = {isa = PBXFileReference; lastKnownFileType = folder.assetcatalog; path = "Preview Assets.xcassets"; sourceTree = "<group>"; };
		C739E2CA267073C1009FEF0E /* Info.plist */ = {isa = PBXFileReference; lastKnownFileType = text.plist.xml; path = Info.plist; sourceTree = "<group>"; };
		C739E2D12670751A009FEF0E /* SetGame.swift */ = {isa = PBXFileReference; lastKnownFileType = sourcecode.swift; path = SetGame.swift; sourceTree = "<group>"; };
		C739E2D426707827009FEF0E /* CardShape.swift */ = {isa = PBXFileReference; lastKnownFileType = sourcecode.swift; path = CardShape.swift; sourceTree = "<group>"; };
		C739E2D62670783D009FEF0E /* CardColor.swift */ = {isa = PBXFileReference; lastKnownFileType = sourcecode.swift; path = CardColor.swift; sourceTree = "<group>"; };
		C739E2D82670785C009FEF0E /* CardNumber.swift */ = {isa = PBXFileReference; lastKnownFileType = sourcecode.swift; path = CardNumber.swift; sourceTree = "<group>"; };
		C739E2DA2670786E009FEF0E /* CardShading.swift */ = {isa = PBXFileReference; lastKnownFileType = sourcecode.swift; path = CardShading.swift; sourceTree = "<group>"; };
		C739E2DD26708393009FEF0E /* CardView.swift */ = {isa = PBXFileReference; lastKnownFileType = sourcecode.swift; path = CardView.swift; sourceTree = "<group>"; };
		C739E2E026732076009FEF0E /* Diamond.swift */ = {isa = PBXFileReference; lastKnownFileType = sourcecode.swift; path = Diamond.swift; sourceTree = "<group>"; };
		C739E2E2267463CF009FEF0E /* ShapeView.swift */ = {isa = PBXFileReference; lastKnownFileType = sourcecode.swift; path = ShapeView.swift; sourceTree = "<group>"; };
		C739E2E62675A478009FEF0E /* ShapeBuilderView.swift */ = {isa = PBXFileReference; lastKnownFileType = sourcecode.swift; path = ShapeBuilderView.swift; sourceTree = "<group>"; };
		C739E2E92675A813009FEF0E /* CardShadingModifier.swift */ = {isa = PBXFileReference; lastKnownFileType = sourcecode.swift; path = CardShadingModifier.swift; sourceTree = "<group>"; };
		C739E2EB2675B3C6009FEF0E /* BackCardView.swift */ = {isa = PBXFileReference; lastKnownFileType = sourcecode.swift; path = BackCardView.swift; sourceTree = "<group>"; };
		C739E2ED2675B5B8009FEF0E /* FrontCardView.swift */ = {isa = PBXFileReference; lastKnownFileType = sourcecode.swift; path = FrontCardView.swift; sourceTree = "<group>"; };
/* End PBXFileReference section */

/* Begin PBXFrameworksBuildPhase section */
		C739E2BB267073BC009FEF0E /* Frameworks */ = {
			isa = PBXFrameworksBuildPhase;
			buildActionMask = 2147483647;
			files = (
			);
			runOnlyForDeploymentPostprocessing = 0;
		};
/* End PBXFrameworksBuildPhase section */

/* Begin PBXGroup section */
		C739E2B5267073BC009FEF0E = {
			isa = PBXGroup;
			children = (
				C739E2C0267073BC009FEF0E /* Set */,
				C739E2BF267073BC009FEF0E /* Products */,
			);
			sourceTree = "<group>";
		};
		C739E2BF267073BC009FEF0E /* Products */ = {
			isa = PBXGroup;
			children = (
				C739E2BE267073BC009FEF0E /* Set.app */,
			);
			name = Products;
			sourceTree = "<group>";
		};
		C739E2C0267073BC009FEF0E /* Set */ = {
			isa = PBXGroup;
			children = (
				C739E2DF26732052009FEF0E /* Shapes */,
				C739E2DC2670837E009FEF0E /* Views */,
				C739E2D326707815009FEF0E /* Enums */,
				C739E2D02670749C009FEF0E /* Models */,
				C739E2C1267073BC009FEF0E /* SetApp.swift */,
				C739E2C3267073BC009FEF0E /* ContentView.swift */,
				C739E2C5267073C1009FEF0E /* Assets.xcassets */,
				C739E2CA267073C1009FEF0E /* Info.plist */,
				C739E2C7267073C1009FEF0E /* Preview Content */,
			);
			path = Set;
			sourceTree = "<group>";
		};
		C739E2C7267073C1009FEF0E /* Preview Content */ = {
			isa = PBXGroup;
			children = (
				C739E2C8267073C1009FEF0E /* Preview Assets.xcassets */,
			);
			path = "Preview Content";
			sourceTree = "<group>";
		};
		C739E2D02670749C009FEF0E /* Models */ = {
			isa = PBXGroup;
			children = (
				C739E2D12670751A009FEF0E /* SetGame.swift */,
			);
			path = Models;
			sourceTree = "<group>";
		};
		C739E2D326707815009FEF0E /* Enums */ = {
			isa = PBXGroup;
			children = (
				C739E2D426707827009FEF0E /* CardShape.swift */,
				C739E2D62670783D009FEF0E /* CardColor.swift */,
				C739E2D82670785C009FEF0E /* CardNumber.swift */,
				C739E2DA2670786E009FEF0E /* CardShading.swift */,
			);
			path = Enums;
			sourceTree = "<group>";
		};
		C739E2DC2670837E009FEF0E /* Views */ = {
			isa = PBXGroup;
			children = (
				C739E2E82675A7F6009FEF0E /* Modifiers */,
				C739E2DD26708393009FEF0E /* CardView.swift */,
				C739E2E2267463CF009FEF0E /* ShapeView.swift */,
				C739E2E62675A478009FEF0E /* ShapeBuilderView.swift */,
				C739E2EB2675B3C6009FEF0E /* BackCardView.swift */,
				C739E2ED2675B5B8009FEF0E /* FrontCardView.swift */,
			);
			path = Views;
			sourceTree = "<group>";
		};
		C739E2DF26732052009FEF0E /* Shapes */ = {
			isa = PBXGroup;
			children = (
				C739E2E026732076009FEF0E /* Diamond.swift */,
			);
			path = Shapes;
			sourceTree = "<group>";
		};
		C739E2E82675A7F6009FEF0E /* Modifiers */ = {
			isa = PBXGroup;
			children = (
				C739E2E92675A813009FEF0E /* CardShadingModifier.swift */,
			);
			path = Modifiers;
			sourceTree = "<group>";
		};
/* End PBXGroup section */

/* Begin PBXNativeTarget section */
		C739E2BD267073BC009FEF0E /* Set */ = {
			isa = PBXNativeTarget;
			buildConfigurationList = C739E2CD267073C1009FEF0E /* Build configuration list for PBXNativeTarget "Set" */;
			buildPhases = (
				C739E2BA267073BC009FEF0E /* Sources */,
				C739E2BB267073BC009FEF0E /* Frameworks */,
				C739E2BC267073BC009FEF0E /* Resources */,
			);
			buildRules = (
			);
			dependencies = (
			);
			name = Set;
			productName = Set;
			productReference = C739E2BE267073BC009FEF0E /* Set.app */;
			productType = "com.apple.product-type.application";
		};
/* End PBXNativeTarget section */

/* Begin PBXProject section */
		C739E2B6267073BC009FEF0E /* Project object */ = {
			isa = PBXProject;
			attributes = {
				LastSwiftUpdateCheck = 1250;
				LastUpgradeCheck = 1250;
				TargetAttributes = {
					C739E2BD267073BC009FEF0E = {
						CreatedOnToolsVersion = 12.5;
					};
				};
			};
			buildConfigurationList = C739E2B9267073BC009FEF0E /* Build configuration list for PBXProject "Set" */;
			compatibilityVersion = "Xcode 9.3";
			developmentRegion = en;
			hasScannedForEncodings = 0;
			knownRegions = (
				en,
				Base,
			);
			mainGroup = C739E2B5267073BC009FEF0E;
			productRefGroup = C739E2BF267073BC009FEF0E /* Products */;
			projectDirPath = "";
			projectRoot = "";
			targets = (
				C739E2BD267073BC009FEF0E /* Set */,
			);
		};
/* End PBXProject section */

/* Begin PBXResourcesBuildPhase section */
		C739E2BC267073BC009FEF0E /* Resources */ = {
			isa = PBXResourcesBuildPhase;
			buildActionMask = 2147483647;
			files = (
				C739E2C9267073C1009FEF0E /* Preview Assets.xcassets in Resources */,
				C739E2C6267073C1009FEF0E /* Assets.xcassets in Resources */,
			);
			runOnlyForDeploymentPostprocessing = 0;
		};
/* End PBXResourcesBuildPhase section */

/* Begin PBXSourcesBuildPhase section */
		C739E2BA267073BC009FEF0E /* Sources */ = {
			isa = PBXSourcesBuildPhase;
			buildActionMask = 2147483647;
			files = (
				C739E2EE2675B5B8009FEF0E /* FrontCardView.swift in Sources */,
				C739E2E72675A478009FEF0E /* ShapeBuilderView.swift in Sources */,
				C739E2E3267463CF009FEF0E /* ShapeView.swift in Sources */,
				C739E2D72670783D009FEF0E /* CardColor.swift in Sources */,
				C739E2C4267073BC009FEF0E /* ContentView.swift in Sources */,
				C739E2D92670785C009FEF0E /* CardNumber.swift in Sources */,
				C739E2D22670751A009FEF0E /* SetGame.swift in Sources */,
				C739E2C2267073BC009FEF0E /* SetApp.swift in Sources */,
				C739E2D526707827009FEF0E /* CardShape.swift in Sources */,
				C739E2E126732076009FEF0E /* Diamond.swift in Sources */,
				C739E2DE26708393009FEF0E /* CardView.swift in Sources */,
				C739E2DB2670786E009FEF0E /* CardShading.swift in Sources */,
				C739E2EC2675B3C6009FEF0E /* BackCardView.swift in Sources */,
				C739E2EA2675A813009FEF0E /* CardShadingModifier.swift in Sources */,
			);
			runOnlyForDeploymentPostprocessing = 0;
		};
/* End PBXSourcesBuildPhase section */

/* Begin XCBuildConfiguration section */
		C739E2CB267073C1009FEF0E /* Debug */ = {
			isa = XCBuildConfiguration;
			buildSettings = {
				ALWAYS_SEARCH_USER_PATHS = NO;
				CLANG_ANALYZER_NONNULL = YES;
				CLANG_ANALYZER_NUMBER_OBJECT_CONVERSION = YES_AGGRESSIVE;
				CLANG_CXX_LANGUAGE_STANDARD = "gnu++14";
				CLANG_CXX_LIBRARY = "libc++";
				CLANG_ENABLE_MODULES = YES;
				CLANG_ENABLE_OBJC_ARC = YES;
				CLANG_ENABLE_OBJC_WEAK = YES;
				CLANG_WARN_BLOCK_CAPTURE_AUTORELEASING = YES;
				CLANG_WARN_BOOL_CONVERSION = YES;
				CLANG_WARN_COMMA = YES;
				CLANG_WARN_CONSTANT_CONVERSION = YES;
				CLANG_WARN_DEPRECATED_OBJC_IMPLEMENTATIONS = YES;
				CLANG_WARN_DIRECT_OBJC_ISA_USAGE = YES_ERROR;
				CLANG_WARN_DOCUMENTATION_COMMENTS = YES;
				CLANG_WARN_EMPTY_BODY = YES;
				CLANG_WARN_ENUM_CONVERSION = YES;
				CLANG_WARN_INFINITE_RECURSION = YES;
				CLANG_WARN_INT_CONVERSION = YES;
				CLANG_WARN_NON_LITERAL_NULL_CONVERSION = YES;
				CLANG_WARN_OBJC_IMPLICIT_RETAIN_SELF = YES;
				CLANG_WARN_OBJC_LITERAL_CONVERSION = YES;
				CLANG_WARN_OBJC_ROOT_CLASS = YES_ERROR;
				CLANG_WARN_QUOTED_INCLUDE_IN_FRAMEWORK_HEADER = YES;
				CLANG_WARN_RANGE_LOOP_ANALYSIS = YES;
				CLANG_WARN_STRICT_PROTOTYPES = YES;
				CLANG_WARN_SUSPICIOUS_MOVE = YES;
				CLANG_WARN_UNGUARDED_AVAILABILITY = YES_AGGRESSIVE;
				CLANG_WARN_UNREACHABLE_CODE = YES;
				CLANG_WARN__DUPLICATE_METHOD_MATCH = YES;
				COPY_PHASE_STRIP = NO;
				DEBUG_INFORMATION_FORMAT = dwarf;
				ENABLE_STRICT_OBJC_MSGSEND = YES;
				ENABLE_TESTABILITY = YES;
				GCC_C_LANGUAGE_STANDARD = gnu11;
				GCC_DYNAMIC_NO_PIC = NO;
				GCC_NO_COMMON_BLOCKS = YES;
				GCC_OPTIMIZATION_LEVEL = 0;
				GCC_PREPROCESSOR_DEFINITIONS = (
					"DEBUG=1",
					"$(inherited)",
				);
				GCC_WARN_64_TO_32_BIT_CONVERSION = YES;
				GCC_WARN_ABOUT_RETURN_TYPE = YES_ERROR;
				GCC_WARN_UNDECLARED_SELECTOR = YES;
				GCC_WARN_UNINITIALIZED_AUTOS = YES_AGGRESSIVE;
				GCC_WARN_UNUSED_FUNCTION = YES;
				GCC_WARN_UNUSED_VARIABLE = YES;
				IPHONEOS_DEPLOYMENT_TARGET = 14.5;
				MTL_ENABLE_DEBUG_INFO = INCLUDE_SOURCE;
				MTL_FAST_MATH = YES;
				ONLY_ACTIVE_ARCH = YES;
				SDKROOT = iphoneos;
				SWIFT_ACTIVE_COMPILATION_CONDITIONS = DEBUG;
				SWIFT_OPTIMIZATION_LEVEL = "-Onone";
			};
			name = Debug;
		};
		C739E2CC267073C1009FEF0E /* Release */ = {
			isa = XCBuildConfiguration;
			buildSettings = {
				ALWAYS_SEARCH_USER_PATHS = NO;
				CLANG_ANALYZER_NONNULL = YES;
				CLANG_ANALYZER_NUMBER_OBJECT_CONVERSION = YES_AGGRESSIVE;
				CLANG_CXX_LANGUAGE_STANDARD = "gnu++14";
				CLANG_CXX_LIBRARY = "libc++";
				CLANG_ENABLE_MODULES = YES;
				CLANG_ENABLE_OBJC_ARC = YES;
				CLANG_ENABLE_OBJC_WEAK = YES;
				CLANG_WARN_BLOCK_CAPTURE_AUTORELEASING = YES;
				CLANG_WARN_BOOL_CONVERSION = YES;
				CLANG_WARN_COMMA = YES;
				CLANG_WARN_CONSTANT_CONVERSION = YES;
				CLANG_WARN_DEPRECATED_OBJC_IMPLEMENTATIONS = YES;
				CLANG_WARN_DIRECT_OBJC_ISA_USAGE = YES_ERROR;
				CLANG_WARN_DOCUMENTATION_COMMENTS = YES;
				CLANG_WARN_EMPTY_BODY = YES;
				CLANG_WARN_ENUM_CONVERSION = YES;
				CLANG_WARN_INFINITE_RECURSION = YES;
				CLANG_WARN_INT_CONVERSION = YES;
				CLANG_WARN_NON_LITERAL_NULL_CONVERSION = YES;
				CLANG_WARN_OBJC_IMPLICIT_RETAIN_SELF = YES;
				CLANG_WARN_OBJC_LITERAL_CONVERSION = YES;
				CLANG_WARN_OBJC_ROOT_CLASS = YES_ERROR;
				CLANG_WARN_QUOTED_INCLUDE_IN_FRAMEWORK_HEADER = YES;
				CLANG_WARN_RANGE_LOOP_ANALYSIS = YES;
				CLANG_WARN_STRICT_PROTOTYPES = YES;
				CLANG_WARN_SUSPICIOUS_MOVE = YES;
				CLANG_WARN_UNGUARDED_AVAILABILITY = YES_AGGRESSIVE;
				CLANG_WARN_UNREACHABLE_CODE = YES;
				CLANG_WARN__DUPLICATE_METHOD_MATCH = YES;
				COPY_PHASE_STRIP = NO;
				DEBUG_INFORMATION_FORMAT = "dwarf-with-dsym";
				ENABLE_NS_ASSERTIONS = NO;
				ENABLE_STRICT_OBJC_MSGSEND = YES;
				GCC_C_LANGUAGE_STANDARD = gnu11;
				GCC_NO_COMMON_BLOCKS = YES;
				GCC_WARN_64_TO_32_BIT_CONVERSION = YES;
				GCC_WARN_ABOUT_RETURN_TYPE = YES_ERROR;
				GCC_WARN_UNDECLARED_SELECTOR = YES;
				GCC_WARN_UNINITIALIZED_AUTOS = YES_AGGRESSIVE;
				GCC_WARN_UNUSED_FUNCTION = YES;
				GCC_WARN_UNUSED_VARIABLE = YES;
				IPHONEOS_DEPLOYMENT_TARGET = 14.5;
				MTL_ENABLE_DEBUG_INFO = NO;
				MTL_FAST_MATH = YES;
				SDKROOT = iphoneos;
				SWIFT_COMPILATION_MODE = wholemodule;
				SWIFT_OPTIMIZATION_LEVEL = "-O";
				VALIDATE_PRODUCT = YES;
			};
			name = Release;
		};
		C739E2CE267073C1009FEF0E /* Debug */ = {
			isa = XCBuildConfiguration;
			buildSettings = {
				ASSETCATALOG_COMPILER_APPICON_NAME = AppIcon;
				ASSETCATALOG_COMPILER_GLOBAL_ACCENT_COLOR_NAME = AccentColor;
				CODE_SIGN_STYLE = Automatic;
				DEVELOPMENT_ASSET_PATHS = "\"Set/Preview Content\"";
				DEVELOPMENT_TEAM = VD8R79VPP9;
				ENABLE_PREVIEWS = YES;
				INFOPLIST_FILE = Set/Info.plist;
				IPHONEOS_DEPLOYMENT_TARGET = 14.0;
				LD_RUNPATH_SEARCH_PATHS = (
					"$(inherited)",
					"@executable_path/Frameworks",
				);
				PRODUCT_BUNDLE_IDENTIFIER = com.eventuallygames.Set;
				PRODUCT_NAME = "$(TARGET_NAME)";
				SWIFT_VERSION = 5.0;
				TARGETED_DEVICE_FAMILY = "1,2";
			};
			name = Debug;
		};
		C739E2CF267073C1009FEF0E /* Release */ = {
			isa = XCBuildConfiguration;
			buildSettings = {
				ASSETCATALOG_COMPILER_APPICON_NAME = AppIcon;
				ASSETCATALOG_COMPILER_GLOBAL_ACCENT_COLOR_NAME = AccentColor;
				CODE_SIGN_STYLE = Automatic;
				DEVELOPMENT_ASSET_PATHS = "\"Set/Preview Content\"";
				DEVELOPMENT_TEAM = VD8R79VPP9;
				ENABLE_PREVIEWS = YES;
				INFOPLIST_FILE = Set/Info.plist;
				IPHONEOS_DEPLOYMENT_TARGET = 14.0;
				LD_RUNPATH_SEARCH_PATHS = (
					"$(inherited)",
					"@executable_path/Frameworks",
				);
				PRODUCT_BUNDLE_IDENTIFIER = com.eventuallygames.Set;
				PRODUCT_NAME = "$(TARGET_NAME)";
				SWIFT_VERSION = 5.0;
				TARGETED_DEVICE_FAMILY = "1,2";
			};
			name = Release;
		};
/* End XCBuildConfiguration section */

/* Begin XCConfigurationList section */
		C739E2B9267073BC009FEF0E /* Build configuration list for PBXProject "Set" */ = {
			isa = XCConfigurationList;
			buildConfigurations = (
				C739E2CB267073C1009FEF0E /* Debug */,
				C739E2CC267073C1009FEF0E /* Release */,
			);
			defaultConfigurationIsVisible = 0;
			defaultConfigurationName = Release;
		};
		C739E2CD267073C1009FEF0E /* Build configuration list for PBXNativeTarget "Set" */ = {
			isa = XCConfigurationList;
			buildConfigurations = (
				C739E2CE267073C1009FEF0E /* Debug */,
				C739E2CF267073C1009FEF0E /* Release */,
			);
			defaultConfigurationIsVisible = 0;
			defaultConfigurationName = Release;
		};
/* End XCConfigurationList section */
	};
	rootObject = C739E2B6267073BC009FEF0E /* Project object */;
}
